
Microsoft Visual Studio Solution File, Format Version 12.00
# Visual Studio 15
VisualStudioVersion = 15.0.27428.2015
MinimumVisualStudioVersion = 10.0.40219.1
Project("{8BC9CEB8-8B4A-11D0-8D11-00A0C91BC942}") = "v38_lab4", "v38_lab4\v38_lab4.vcxproj", "{F303D3DB-19D5-4942-9412-65C3369C7E8F}"
EndProject
Global
	GlobalSection(SolutionConfigurationPlatforms) = preSolution
		Debug|x64 = Debug|x64
		Debug|x86 = Debug|x86
		Release|x64 = Release|x64
		Release|x86 = Release|x86
	EndGlobalSection
	GlobalSection(ProjectConfigurationPlatforms) = postSolution
		{F303D3DB-19D5-4942-9412-65C3369C7E8F}.Debug|x64.ActiveCfg = Debug|x64
		{F303D3DB-19D5-4942-9412-65C3369C7E8F}.Debug|x64.Build.0 = Debug|x64
		{F303D3DB-19D5-4942-9412-65C3369C7E8F}.Debug|x86.ActiveCfg = Debug|Win32
		{F303D3DB-19D5-4942-9412-65C3369C7E8F}.Debug|x86.Build.0 = Debug|Win32
		{F303D3DB-19D5-4942-9412-65C3369C7E8F}.Release|x64.ActiveCfg = Release|x64
		{F303D3DB-19D5-4942-9412-65C3369C7E8F}.Release|x64.Build.0 = Release|x64
		{F303D3DB-19D5-4942-9412-65C3369C7E8F}.Release|x86.ActiveCfg = Release|Win32
		{F303D3DB-19D5-4942-9412-65C3369C7E8F}.Release|x86.Build.0 = Release|Win32
	EndGlobalSection
	GlobalSection(SolutionProperties) = preSolution
		HideSolutionNode = FALSE
	EndGlobalSection
	GlobalSection(ExtensibilityGlobals) = postSolution
		SolutionGuid = {FC28A69E-7B5C-4861-B343-131E1D739D9B}
	EndGlobalSection
EndGlobal
