
Microsoft Visual Studio Solution File, Format Version 12.00
# Visual Studio 15
VisualStudioVersion = 15.0.27428.2015
MinimumVisualStudioVersion = 10.0.40219.1
Project("{8BC9CEB8-8B4A-11D0-8D11-00A0C91BC942}") = "v18_lab4", "v18_lab4\v18_lab4.vcxproj", "{BF9BE22B-E9FE-4255-97A9-5C8D651EB78F}"
EndProject
Global
	GlobalSection(SolutionConfigurationPlatforms) = preSolution
		Debug|x64 = Debug|x64
		Debug|x86 = Debug|x86
		Release|x64 = Release|x64
		Release|x86 = Release|x86
	EndGlobalSection
	GlobalSection(ProjectConfigurationPlatforms) = postSolution
		{BF9BE22B-E9FE-4255-97A9-5C8D651EB78F}.Debug|x64.ActiveCfg = Debug|x64
		{BF9BE22B-E9FE-4255-97A9-5C8D651EB78F}.Debug|x64.Build.0 = Debug|x64
		{BF9BE22B-E9FE-4255-97A9-5C8D651EB78F}.Debug|x86.ActiveCfg = Debug|Win32
		{BF9BE22B-E9FE-4255-97A9-5C8D651EB78F}.Debug|x86.Build.0 = Debug|Win32
		{BF9BE22B-E9FE-4255-97A9-5C8D651EB78F}.Release|x64.ActiveCfg = Release|x64
		{BF9BE22B-E9FE-4255-97A9-5C8D651EB78F}.Release|x64.Build.0 = Release|x64
		{BF9BE22B-E9FE-4255-97A9-5C8D651EB78F}.Release|x86.ActiveCfg = Release|Win32
		{BF9BE22B-E9FE-4255-97A9-5C8D651EB78F}.Release|x86.Build.0 = Release|Win32
	EndGlobalSection
	GlobalSection(SolutionProperties) = preSolution
		HideSolutionNode = FALSE
	EndGlobalSection
	GlobalSection(ExtensibilityGlobals) = postSolution
		SolutionGuid = {1291B6ED-DB6B-42A8-9101-228BA55F516B}
	EndGlobalSection
EndGlobal
